
Microsoft Visual Studio Solution File, Format Version 12.00
# Visual Studio Version 16
VisualStudioVersion = 16.0.31729.503
MinimumVisualStudioVersion = 10.0.40219.1
Project("{9A19103F-16F7-4668-BE54-9A1E7A4F7556}") = "BatchRename", "BatchRename\BatchRename.csproj", "{24456FE6-C8CB-4B10-9028-D8B7877DE643}"
EndProject
Project("{9A19103F-16F7-4668-BE54-9A1E7A4F7556}") = "PluginContract", "PluginContract\PluginContract.csproj", "{57BB83F5-8792-47ED-A7B6-413056854E24}"
EndProject
Project("{9A19103F-16F7-4668-BE54-9A1E7A4F7556}") = "ChangeExtensionRule", "ChangeExtensionRule\ChangeExtensionRule.csproj", "{5F1B23A8-B118-45F9-92F0-3BAB454E98CB}"
EndProject
Project("{9A19103F-16F7-4668-BE54-9A1E7A4F7556}") = "TrimSpaceRule", "TrimSpaceRule\TrimSpaceRule.csproj", "{8B57C803-B3E5-4AE8-89D5-C6C25765717F}"
EndProject
Project("{9A19103F-16F7-4668-BE54-9A1E7A4F7556}") = "ReplaceCharacter", "ReplaceCharacter\ReplaceCharacter.csproj", "{4D750B92-04EC-4966-98FA-30451182E487}"
EndProject
Project("{9A19103F-16F7-4668-BE54-9A1E7A4F7556}") = "AddPrefixRule", "AddPrefixRule\AddPrefixRule.csproj", "{6F541B65-B166-4B03-99A3-2735D3396EE1}"
EndProject
Project("{9A19103F-16F7-4668-BE54-9A1E7A4F7556}") = "AddSuffixRule", "AddSuffixRule\AddSuffixRule.csproj", "{2BBDA8E7-DA04-4B44-B3E3-F7D6F29F952E}"
EndProject
Project("{9A19103F-16F7-4668-BE54-9A1E7A4F7556}") = "LowercaseCharacter", "LowercaseCharacter\LowercaseCharacter.csproj", "{D3E115FB-5FFC-4534-8D56-E8CFA938BE51}"
EndProject
Project("{9A19103F-16F7-4668-BE54-9A1E7A4F7556}") = "RemoveAllSpace", "RemoveAllSpace\RemoveAllSpace.csproj", "{344D8DFD-069D-4DFF-89E5-E69388663858}"
EndProject
Project("{9A19103F-16F7-4668-BE54-9A1E7A4F7556}") = "ToPascalCase", "ToPascalCase\ToPascalCase.csproj", "{CB6FB737-36EB-4889-B07B-253A0C7D7709}"
EndProject
Project("{9A19103F-16F7-4668-BE54-9A1E7A4F7556}") = "AddCounterToEndRule", "AddCounterToEndRule\AddCounterToEndRule.csproj", "{B2F1396F-17F2-4D68-BD3C-D678BA02D6F0}"
EndProject
Project("{9A19103F-16F7-4668-BE54-9A1E7A4F7556}") = "BRControl", "BRControl\BRControl.csproj", "{9772719B-F321-4719-8ECD-061006CF6B21}"
EndProject
Project("{9A19103F-16F7-4668-BE54-9A1E7A4F7556}") = "Utils", "Utils\Utils.csproj", "{AFBD242C-7836-46D3-A875-49FEFF94ABD0}"
EndProject
Project("{FAE04EC0-301F-11D3-BF4B-00C04F79EFBC}") = "CheckingExceptions", "CheckingExceptions\CheckingExceptions.csproj", "{2068C860-5736-4935-B9CC-C87A0DB044E1}"
EndProject
Global
	GlobalSection(SolutionConfigurationPlatforms) = preSolution
		Debug|Any CPU = Debug|Any CPU
		Debug|x64 = Debug|x64
		Debug|x86 = Debug|x86
		Release|Any CPU = Release|Any CPU
		Release|x64 = Release|x64
		Release|x86 = Release|x86
	EndGlobalSection
	GlobalSection(ProjectConfigurationPlatforms) = postSolution
		{24456FE6-C8CB-4B10-9028-D8B7877DE643}.Debug|Any CPU.ActiveCfg = Debug|Any CPU
		{24456FE6-C8CB-4B10-9028-D8B7877DE643}.Debug|Any CPU.Build.0 = Debug|Any CPU
		{24456FE6-C8CB-4B10-9028-D8B7877DE643}.Debug|x64.ActiveCfg = Debug|x64
		{24456FE6-C8CB-4B10-9028-D8B7877DE643}.Debug|x64.Build.0 = Debug|x64
		{24456FE6-C8CB-4B10-9028-D8B7877DE643}.Debug|x86.ActiveCfg = Debug|x86
		{24456FE6-C8CB-4B10-9028-D8B7877DE643}.Debug|x86.Build.0 = Debug|x86
		{24456FE6-C8CB-4B10-9028-D8B7877DE643}.Release|Any CPU.ActiveCfg = Release|Any CPU
		{24456FE6-C8CB-4B10-9028-D8B7877DE643}.Release|Any CPU.Build.0 = Release|Any CPU
		{24456FE6-C8CB-4B10-9028-D8B7877DE643}.Release|x64.ActiveCfg = Release|x64
		{24456FE6-C8CB-4B10-9028-D8B7877DE643}.Release|x64.Build.0 = Release|x64
		{24456FE6-C8CB-4B10-9028-D8B7877DE643}.Release|x86.ActiveCfg = Release|x86
		{24456FE6-C8CB-4B10-9028-D8B7877DE643}.Release|x86.Build.0 = Release|x86
		{57BB83F5-8792-47ED-A7B6-413056854E24}.Debug|Any CPU.ActiveCfg = Debug|Any CPU
		{57BB83F5-8792-47ED-A7B6-413056854E24}.Debug|Any CPU.Build.0 = Debug|Any CPU
		{57BB83F5-8792-47ED-A7B6-413056854E24}.Debug|x64.ActiveCfg = Debug|x64
		{57BB83F5-8792-47ED-A7B6-413056854E24}.Debug|x64.Build.0 = Debug|x64
		{57BB83F5-8792-47ED-A7B6-413056854E24}.Debug|x86.ActiveCfg = Debug|x86
		{57BB83F5-8792-47ED-A7B6-413056854E24}.Debug|x86.Build.0 = Debug|x86
		{57BB83F5-8792-47ED-A7B6-413056854E24}.Release|Any CPU.ActiveCfg = Release|Any CPU
		{57BB83F5-8792-47ED-A7B6-413056854E24}.Release|Any CPU.Build.0 = Release|Any CPU
		{57BB83F5-8792-47ED-A7B6-413056854E24}.Release|x64.ActiveCfg = Release|x64
		{57BB83F5-8792-47ED-A7B6-413056854E24}.Release|x64.Build.0 = Release|x64
		{57BB83F5-8792-47ED-A7B6-413056854E24}.Release|x86.ActiveCfg = Release|x86
		{57BB83F5-8792-47ED-A7B6-413056854E24}.Release|x86.Build.0 = Release|x86
		{5F1B23A8-B118-45F9-92F0-3BAB454E98CB}.Debug|Any CPU.ActiveCfg = Debug|Any CPU
		{5F1B23A8-B118-45F9-92F0-3BAB454E98CB}.Debug|Any CPU.Build.0 = Debug|Any CPU
		{5F1B23A8-B118-45F9-92F0-3BAB454E98CB}.Debug|x64.ActiveCfg = Debug|x64
		{5F1B23A8-B118-45F9-92F0-3BAB454E98CB}.Debug|x64.Build.0 = Debug|x64
		{5F1B23A8-B118-45F9-92F0-3BAB454E98CB}.Debug|x86.ActiveCfg = Debug|x86
		{5F1B23A8-B118-45F9-92F0-3BAB454E98CB}.Debug|x86.Build.0 = Debug|x86
		{5F1B23A8-B118-45F9-92F0-3BAB454E98CB}.Release|Any CPU.ActiveCfg = Release|Any CPU
		{5F1B23A8-B118-45F9-92F0-3BAB454E98CB}.Release|Any CPU.Build.0 = Release|Any CPU
		{5F1B23A8-B118-45F9-92F0-3BAB454E98CB}.Release|x64.ActiveCfg = Release|x64
		{5F1B23A8-B118-45F9-92F0-3BAB454E98CB}.Release|x64.Build.0 = Release|x64
		{5F1B23A8-B118-45F9-92F0-3BAB454E98CB}.Release|x86.ActiveCfg = Release|x86
		{5F1B23A8-B118-45F9-92F0-3BAB454E98CB}.Release|x86.Build.0 = Release|x86
		{8B57C803-B3E5-4AE8-89D5-C6C25765717F}.Debug|Any CPU.ActiveCfg = Debug|Any CPU
		{8B57C803-B3E5-4AE8-89D5-C6C25765717F}.Debug|Any CPU.Build.0 = Debug|Any CPU
		{8B57C803-B3E5-4AE8-89D5-C6C25765717F}.Debug|x64.ActiveCfg = Debug|x64
		{8B57C803-B3E5-4AE8-89D5-C6C25765717F}.Debug|x64.Build.0 = Debug|x64
		{8B57C803-B3E5-4AE8-89D5-C6C25765717F}.Debug|x86.ActiveCfg = Debug|x86
		{8B57C803-B3E5-4AE8-89D5-C6C25765717F}.Debug|x86.Build.0 = Debug|x86
		{8B57C803-B3E5-4AE8-89D5-C6C25765717F}.Release|Any CPU.ActiveCfg = Release|Any CPU
		{8B57C803-B3E5-4AE8-89D5-C6C25765717F}.Release|Any CPU.Build.0 = Release|Any CPU
		{8B57C803-B3E5-4AE8-89D5-C6C25765717F}.Release|x64.ActiveCfg = Release|x64
		{8B57C803-B3E5-4AE8-89D5-C6C25765717F}.Release|x64.Build.0 = Release|x64
		{8B57C803-B3E5-4AE8-89D5-C6C25765717F}.Release|x86.ActiveCfg = Release|x86
		{8B57C803-B3E5-4AE8-89D5-C6C25765717F}.Release|x86.Build.0 = Release|x86
		{4D750B92-04EC-4966-98FA-30451182E487}.Debug|Any CPU.ActiveCfg = Debug|Any CPU
		{4D750B92-04EC-4966-98FA-30451182E487}.Debug|Any CPU.Build.0 = Debug|Any CPU
		{4D750B92-04EC-4966-98FA-30451182E487}.Debug|x64.ActiveCfg = Debug|x64
		{4D750B92-04EC-4966-98FA-30451182E487}.Debug|x64.Build.0 = Debug|x64
		{4D750B92-04EC-4966-98FA-30451182E487}.Debug|x86.ActiveCfg = Debug|x86
		{4D750B92-04EC-4966-98FA-30451182E487}.Debug|x86.Build.0 = Debug|x86
		{4D750B92-04EC-4966-98FA-30451182E487}.Release|Any CPU.ActiveCfg = Release|Any CPU
		{4D750B92-04EC-4966-98FA-30451182E487}.Release|Any CPU.Build.0 = Release|Any CPU
		{4D750B92-04EC-4966-98FA-30451182E487}.Release|x64.ActiveCfg = Release|x64
		{4D750B92-04EC-4966-98FA-30451182E487}.Release|x64.Build.0 = Release|x64
		{4D750B92-04EC-4966-98FA-30451182E487}.Release|x86.ActiveCfg = Release|x86
		{4D750B92-04EC-4966-98FA-30451182E487}.Release|x86.Build.0 = Release|x86
		{6F541B65-B166-4B03-99A3-2735D3396EE1}.Debug|Any CPU.ActiveCfg = Debug|Any CPU
		{6F541B65-B166-4B03-99A3-2735D3396EE1}.Debug|Any CPU.Build.0 = Debug|Any CPU
		{6F541B65-B166-4B03-99A3-2735D3396EE1}.Debug|x64.ActiveCfg = Debug|x64
		{6F541B65-B166-4B03-99A3-2735D3396EE1}.Debug|x64.Build.0 = Debug|x64
		{6F541B65-B166-4B03-99A3-2735D3396EE1}.Debug|x86.ActiveCfg = Debug|x86
		{6F541B65-B166-4B03-99A3-2735D3396EE1}.Debug|x86.Build.0 = Debug|x86
		{6F541B65-B166-4B03-99A3-2735D3396EE1}.Release|Any CPU.ActiveCfg = Release|Any CPU
		{6F541B65-B166-4B03-99A3-2735D3396EE1}.Release|Any CPU.Build.0 = Release|Any CPU
		{6F541B65-B166-4B03-99A3-2735D3396EE1}.Release|x64.ActiveCfg = Release|x64
		{6F541B65-B166-4B03-99A3-2735D3396EE1}.Release|x64.Build.0 = Release|x64
		{6F541B65-B166-4B03-99A3-2735D3396EE1}.Release|x86.ActiveCfg = Release|x86
		{6F541B65-B166-4B03-99A3-2735D3396EE1}.Release|x86.Build.0 = Release|x86
		{2BBDA8E7-DA04-4B44-B3E3-F7D6F29F952E}.Debug|Any CPU.ActiveCfg = Debug|Any CPU
		{2BBDA8E7-DA04-4B44-B3E3-F7D6F29F952E}.Debug|Any CPU.Build.0 = Debug|Any CPU
		{2BBDA8E7-DA04-4B44-B3E3-F7D6F29F952E}.Debug|x64.ActiveCfg = Debug|x64
		{2BBDA8E7-DA04-4B44-B3E3-F7D6F29F952E}.Debug|x64.Build.0 = Debug|x64
		{2BBDA8E7-DA04-4B44-B3E3-F7D6F29F952E}.Debug|x86.ActiveCfg = Debug|x86
		{2BBDA8E7-DA04-4B44-B3E3-F7D6F29F952E}.Debug|x86.Build.0 = Debug|x86
		{2BBDA8E7-DA04-4B44-B3E3-F7D6F29F952E}.Release|Any CPU.ActiveCfg = Release|Any CPU
		{2BBDA8E7-DA04-4B44-B3E3-F7D6F29F952E}.Release|Any CPU.Build.0 = Release|Any CPU
		{2BBDA8E7-DA04-4B44-B3E3-F7D6F29F952E}.Release|x64.ActiveCfg = Release|x64
		{2BBDA8E7-DA04-4B44-B3E3-F7D6F29F952E}.Release|x64.Build.0 = Release|x64
		{2BBDA8E7-DA04-4B44-B3E3-F7D6F29F952E}.Release|x86.ActiveCfg = Release|x86
		{2BBDA8E7-DA04-4B44-B3E3-F7D6F29F952E}.Release|x86.Build.0 = Release|x86
		{D3E115FB-5FFC-4534-8D56-E8CFA938BE51}.Debug|Any CPU.ActiveCfg = Debug|Any CPU
		{D3E115FB-5FFC-4534-8D56-E8CFA938BE51}.Debug|Any CPU.Build.0 = Debug|Any CPU
		{D3E115FB-5FFC-4534-8D56-E8CFA938BE51}.Debug|x64.ActiveCfg = Debug|x64
		{D3E115FB-5FFC-4534-8D56-E8CFA938BE51}.Debug|x64.Build.0 = Debug|x64
		{D3E115FB-5FFC-4534-8D56-E8CFA938BE51}.Debug|x86.ActiveCfg = Debug|x86
		{D3E115FB-5FFC-4534-8D56-E8CFA938BE51}.Debug|x86.Build.0 = Debug|x86
		{D3E115FB-5FFC-4534-8D56-E8CFA938BE51}.Release|Any CPU.ActiveCfg = Release|Any CPU
		{D3E115FB-5FFC-4534-8D56-E8CFA938BE51}.Release|Any CPU.Build.0 = Release|Any CPU
		{D3E115FB-5FFC-4534-8D56-E8CFA938BE51}.Release|x64.ActiveCfg = Release|x64
		{D3E115FB-5FFC-4534-8D56-E8CFA938BE51}.Release|x64.Build.0 = Release|x64
		{D3E115FB-5FFC-4534-8D56-E8CFA938BE51}.Release|x86.ActiveCfg = Release|x86
		{D3E115FB-5FFC-4534-8D56-E8CFA938BE51}.Release|x86.Build.0 = Release|x86
		{344D8DFD-069D-4DFF-89E5-E69388663858}.Debug|Any CPU.ActiveCfg = Debug|Any CPU
		{344D8DFD-069D-4DFF-89E5-E69388663858}.Debug|Any CPU.Build.0 = Debug|Any CPU
		{344D8DFD-069D-4DFF-89E5-E69388663858}.Debug|x64.ActiveCfg = Debug|x64
		{344D8DFD-069D-4DFF-89E5-E69388663858}.Debug|x64.Build.0 = Debug|x64
		{344D8DFD-069D-4DFF-89E5-E69388663858}.Debug|x86.ActiveCfg = Debug|x86
		{344D8DFD-069D-4DFF-89E5-E69388663858}.Debug|x86.Build.0 = Debug|x86
		{344D8DFD-069D-4DFF-89E5-E69388663858}.Release|Any CPU.ActiveCfg = Release|Any CPU
		{344D8DFD-069D-4DFF-89E5-E69388663858}.Release|Any CPU.Build.0 = Release|Any CPU
		{344D8DFD-069D-4DFF-89E5-E69388663858}.Release|x64.ActiveCfg = Release|x64
		{344D8DFD-069D-4DFF-89E5-E69388663858}.Release|x64.Build.0 = Release|x64
		{344D8DFD-069D-4DFF-89E5-E69388663858}.Release|x86.ActiveCfg = Release|x86
		{344D8DFD-069D-4DFF-89E5-E69388663858}.Release|x86.Build.0 = Release|x86
		{CB6FB737-36EB-4889-B07B-253A0C7D7709}.Debug|Any CPU.ActiveCfg = Debug|Any CPU
		{CB6FB737-36EB-4889-B07B-253A0C7D7709}.Debug|Any CPU.Build.0 = Debug|Any CPU
		{CB6FB737-36EB-4889-B07B-253A0C7D7709}.Debug|x64.ActiveCfg = Debug|x64
		{CB6FB737-36EB-4889-B07B-253A0C7D7709}.Debug|x64.Build.0 = Debug|x64
		{CB6FB737-36EB-4889-B07B-253A0C7D7709}.Debug|x86.ActiveCfg = Debug|x86
		{CB6FB737-36EB-4889-B07B-253A0C7D7709}.Debug|x86.Build.0 = Debug|x86
		{CB6FB737-36EB-4889-B07B-253A0C7D7709}.Release|Any CPU.ActiveCfg = Release|Any CPU
		{CB6FB737-36EB-4889-B07B-253A0C7D7709}.Release|Any CPU.Build.0 = Release|Any CPU
		{CB6FB737-36EB-4889-B07B-253A0C7D7709}.Release|x64.ActiveCfg = Release|x64
		{CB6FB737-36EB-4889-B07B-253A0C7D7709}.Release|x64.Build.0 = Release|x64
		{CB6FB737-36EB-4889-B07B-253A0C7D7709}.Release|x86.ActiveCfg = Release|x86
		{CB6FB737-36EB-4889-B07B-253A0C7D7709}.Release|x86.Build.0 = Release|x86
		{B2F1396F-17F2-4D68-BD3C-D678BA02D6F0}.Debug|Any CPU.ActiveCfg = Debug|Any CPU
		{B2F1396F-17F2-4D68-BD3C-D678BA02D6F0}.Debug|Any CPU.Build.0 = Debug|Any CPU
		{B2F1396F-17F2-4D68-BD3C-D678BA02D6F0}.Debug|x64.ActiveCfg = Debug|x64
		{B2F1396F-17F2-4D68-BD3C-D678BA02D6F0}.Debug|x64.Build.0 = Debug|x64
		{B2F1396F-17F2-4D68-BD3C-D678BA02D6F0}.Debug|x86.ActiveCfg = Debug|x86
		{B2F1396F-17F2-4D68-BD3C-D678BA02D6F0}.Debug|x86.Build.0 = Debug|x86
		{B2F1396F-17F2-4D68-BD3C-D678BA02D6F0}.Release|Any CPU.ActiveCfg = Release|Any CPU
		{B2F1396F-17F2-4D68-BD3C-D678BA02D6F0}.Release|Any CPU.Build.0 = Release|Any CPU
		{B2F1396F-17F2-4D68-BD3C-D678BA02D6F0}.Release|x64.ActiveCfg = Release|x64
		{B2F1396F-17F2-4D68-BD3C-D678BA02D6F0}.Release|x64.Build.0 = Release|x64
		{B2F1396F-17F2-4D68-BD3C-D678BA02D6F0}.Release|x86.ActiveCfg = Release|x86
		{B2F1396F-17F2-4D68-BD3C-D678BA02D6F0}.Release|x86.Build.0 = Release|x86
		{9772719B-F321-4719-8ECD-061006CF6B21}.Debug|Any CPU.ActiveCfg = Debug|Any CPU
		{9772719B-F321-4719-8ECD-061006CF6B21}.Debug|Any CPU.Build.0 = Debug|Any CPU
		{9772719B-F321-4719-8ECD-061006CF6B21}.Debug|x64.ActiveCfg = Debug|x64
		{9772719B-F321-4719-8ECD-061006CF6B21}.Debug|x64.Build.0 = Debug|x64
		{9772719B-F321-4719-8ECD-061006CF6B21}.Debug|x86.ActiveCfg = Debug|x86
		{9772719B-F321-4719-8ECD-061006CF6B21}.Debug|x86.Build.0 = Debug|x86
		{9772719B-F321-4719-8ECD-061006CF6B21}.Release|Any CPU.ActiveCfg = Release|Any CPU
		{9772719B-F321-4719-8ECD-061006CF6B21}.Release|Any CPU.Build.0 = Release|Any CPU
		{9772719B-F321-4719-8ECD-061006CF6B21}.Release|x64.ActiveCfg = Release|x64
		{9772719B-F321-4719-8ECD-061006CF6B21}.Release|x64.Build.0 = Release|x64
		{9772719B-F321-4719-8ECD-061006CF6B21}.Release|x86.ActiveCfg = Release|x86
		{9772719B-F321-4719-8ECD-061006CF6B21}.Release|x86.Build.0 = Release|x86
		{AFBD242C-7836-46D3-A875-49FEFF94ABD0}.Debug|Any CPU.ActiveCfg = Debug|Any CPU
		{AFBD242C-7836-46D3-A875-49FEFF94ABD0}.Debug|Any CPU.Build.0 = Debug|Any CPU
		{AFBD242C-7836-46D3-A875-49FEFF94ABD0}.Debug|x64.ActiveCfg = Debug|x64
		{AFBD242C-7836-46D3-A875-49FEFF94ABD0}.Debug|x64.Build.0 = Debug|x64
		{AFBD242C-7836-46D3-A875-49FEFF94ABD0}.Debug|x86.ActiveCfg = Debug|x86
		{AFBD242C-7836-46D3-A875-49FEFF94ABD0}.Debug|x86.Build.0 = Debug|x86
		{AFBD242C-7836-46D3-A875-49FEFF94ABD0}.Release|Any CPU.ActiveCfg = Release|Any CPU
		{AFBD242C-7836-46D3-A875-49FEFF94ABD0}.Release|Any CPU.Build.0 = Release|Any CPU
		{AFBD242C-7836-46D3-A875-49FEFF94ABD0}.Release|x64.ActiveCfg = Release|x64
		{AFBD242C-7836-46D3-A875-49FEFF94ABD0}.Release|x64.Build.0 = Release|x64
		{AFBD242C-7836-46D3-A875-49FEFF94ABD0}.Release|x86.ActiveCfg = Release|x86
		{AFBD242C-7836-46D3-A875-49FEFF94ABD0}.Release|x86.Build.0 = Release|x86
		{2068C860-5736-4935-B9CC-C87A0DB044E1}.Debug|Any CPU.ActiveCfg = Debug|Any CPU
		{2068C860-5736-4935-B9CC-C87A0DB044E1}.Debug|Any CPU.Build.0 = Debug|Any CPU
		{2068C860-5736-4935-B9CC-C87A0DB044E1}.Debug|x64.ActiveCfg = Debug|Any CPU
		{2068C860-5736-4935-B9CC-C87A0DB044E1}.Debug|x64.Build.0 = Debug|Any CPU
		{2068C860-5736-4935-B9CC-C87A0DB044E1}.Debug|x86.ActiveCfg = Debug|Any CPU
		{2068C860-5736-4935-B9CC-C87A0DB044E1}.Debug|x86.Build.0 = Debug|Any CPU
		{2068C860-5736-4935-B9CC-C87A0DB044E1}.Release|Any CPU.ActiveCfg = Release|Any CPU
		{2068C860-5736-4935-B9CC-C87A0DB044E1}.Release|Any CPU.Build.0 = Release|Any CPU
		{2068C860-5736-4935-B9CC-C87A0DB044E1}.Release|x64.ActiveCfg = Release|Any CPU
		{2068C860-5736-4935-B9CC-C87A0DB044E1}.Release|x64.Build.0 = Release|Any CPU
		{2068C860-5736-4935-B9CC-C87A0DB044E1}.Release|x86.ActiveCfg = Release|Any CPU
		{2068C860-5736-4935-B9CC-C87A0DB044E1}.Release|x86.Build.0 = Release|Any CPU
	EndGlobalSection
	GlobalSection(SolutionProperties) = preSolution
		HideSolutionNode = FALSE
	EndGlobalSection
	GlobalSection(ExtensibilityGlobals) = postSolution
		SolutionGuid = {96DFD93A-B8DA-400B-BFB7-D2DD5DB4AD2E}
	EndGlobalSection
EndGlobal
