
Microsoft Visual Studio Solution File, Format Version 12.00
# Visual Studio Version 16
VisualStudioVersion = 16.0.31702.278
MinimumVisualStudioVersion = 10.0.40219.1
Project("{9A19103F-16F7-4668-BE54-9A1E7A4F7556}") = "BatchRename", "BatchRename\BatchRename.csproj", "{24456FE6-C8CB-4B10-9028-D8B7877DE643}"
EndProject
Project("{9A19103F-16F7-4668-BE54-9A1E7A4F7556}") = "PluginContract", "PluginContract\PluginContract.csproj", "{57BB83F5-8792-47ED-A7B6-413056854E24}"
EndProject
Global
	GlobalSection(SolutionConfigurationPlatforms) = preSolution
		Debug|Any CPU = Debug|Any CPU
		Release|Any CPU = Release|Any CPU
	EndGlobalSection
	GlobalSection(ProjectConfigurationPlatforms) = postSolution
		{24456FE6-C8CB-4B10-9028-D8B7877DE643}.Debug|Any CPU.ActiveCfg = Debug|Any CPU
		{24456FE6-C8CB-4B10-9028-D8B7877DE643}.Debug|Any CPU.Build.0 = Debug|Any CPU
		{24456FE6-C8CB-4B10-9028-D8B7877DE643}.Release|Any CPU.ActiveCfg = Release|Any CPU
		{24456FE6-C8CB-4B10-9028-D8B7877DE643}.Release|Any CPU.Build.0 = Release|Any CPU
		{57BB83F5-8792-47ED-A7B6-413056854E24}.Debug|Any CPU.ActiveCfg = Debug|Any CPU
		{57BB83F5-8792-47ED-A7B6-413056854E24}.Debug|Any CPU.Build.0 = Debug|Any CPU
		{57BB83F5-8792-47ED-A7B6-413056854E24}.Release|Any CPU.ActiveCfg = Release|Any CPU
		{57BB83F5-8792-47ED-A7B6-413056854E24}.Release|Any CPU.Build.0 = Release|Any CPU
	EndGlobalSection
	GlobalSection(SolutionProperties) = preSolution
		HideSolutionNode = FALSE
	EndGlobalSection
	GlobalSection(ExtensibilityGlobals) = postSolution
		SolutionGuid = {96DFD93A-B8DA-400B-BFB7-D2DD5DB4AD2E}
	EndGlobalSection
EndGlobal
